
Microsoft Visual Studio Solution File, Format Version 12.00
# Visual Studio Version 17
VisualStudioVersion = 17.0.32014.148
MinimumVisualStudioVersion = 10.0.40219.1
Project("{FAE04EC0-301F-11D3-BF4B-00C04F79EFBC}") = "AoC.Solutions", "AoC.Solutions\AoC.Solutions.csproj", "{452EC936-AB4D-4C51-9916-F92FA7C88D95}"
EndProject
Project("{FAE04EC0-301F-11D3-BF4B-00C04F79EFBC}") = "Aoc.Tests", "Aoc.Tests\Aoc.Tests.csproj", "{245BA84D-DA41-43F6-8A66-299514E4D1A8}"
EndProject
Global
	GlobalSection(SolutionConfigurationPlatforms) = preSolution
		Debug|Any CPU = Debug|Any CPU
		Release|Any CPU = Release|Any CPU
	EndGlobalSection
	GlobalSection(ProjectConfigurationPlatforms) = postSolution
		{452EC936-AB4D-4C51-9916-F92FA7C88D95}.Debug|Any CPU.ActiveCfg = Debug|Any CPU
		{452EC936-AB4D-4C51-9916-F92FA7C88D95}.Debug|Any CPU.Build.0 = Debug|Any CPU
		{452EC936-AB4D-4C51-9916-F92FA7C88D95}.Release|Any CPU.ActiveCfg = Release|Any CPU
		{452EC936-AB4D-4C51-9916-F92FA7C88D95}.Release|Any CPU.Build.0 = Release|Any CPU
		{245BA84D-DA41-43F6-8A66-299514E4D1A8}.Debug|Any CPU.ActiveCfg = Debug|Any CPU
		{245BA84D-DA41-43F6-8A66-299514E4D1A8}.Debug|Any CPU.Build.0 = Debug|Any CPU
		{245BA84D-DA41-43F6-8A66-299514E4D1A8}.Release|Any CPU.ActiveCfg = Release|Any CPU
		{245BA84D-DA41-43F6-8A66-299514E4D1A8}.Release|Any CPU.Build.0 = Release|Any CPU
	EndGlobalSection
	GlobalSection(SolutionProperties) = preSolution
		HideSolutionNode = FALSE
	EndGlobalSection
	GlobalSection(ExtensibilityGlobals) = postSolution
		SolutionGuid = {F9F44E5C-0155-4C1B-B075-F20FC13C2AD4}
	EndGlobalSection
EndGlobal
